
Microsoft Visual Studio Solution File, Format Version 12.00
# Visual Studio Version 17
VisualStudioVersion = 17.10.34928.147
MinimumVisualStudioVersion = 10.0.40219.1
Project("{FAE04EC0-301F-11D3-BF4B-00C04F79EFBC}") = "SriKanth.API", "SriKanth.API.csproj", "{6656E1EE-7DE8-44DE-B727-95F446F80BEF}"
EndProject
Project("{FAE04EC0-301F-11D3-BF4B-00C04F79EFBC}") = "SriKanth.Data", "..\SriKanth.Data\SriKanth.Data.csproj", "{FFFDC3D6-CDB1-4BDF-BB49-E84A510C850B}"
EndProject
Project("{FAE04EC0-301F-11D3-BF4B-00C04F79EFBC}") = "SriKanth.Interface", "..\SriKanth.Interface\SriKanth.Interface.csproj", "{36CF04E8-58EB-498B-8BFF-96B2F57C891F}"
EndProject
Project("{FAE04EC0-301F-11D3-BF4B-00C04F79EFBC}") = "SriKanth.Model", "..\SriKanth.Model\SriKanth.Model.csproj", "{D35935A7-DBB2-4510-9543-EE5CC1471BBB}"
EndProject
Project("{FAE04EC0-301F-11D3-BF4B-00C04F79EFBC}") = "SriKanth.Service", "..\SriKanth.Service\SriKanth.Service.csproj", "{078E1F50-23E8-4CFE-8D79-85B9F7308557}"
EndProject
Global
	GlobalSection(SolutionConfigurationPlatforms) = preSolution
		Debug|Any CPU = Debug|Any CPU
		Release|Any CPU = Release|Any CPU
	EndGlobalSection
	GlobalSection(ProjectConfigurationPlatforms) = postSolution
		{6656E1EE-7DE8-44DE-B727-95F446F80BEF}.Debug|Any CPU.ActiveCfg = Debug|Any CPU
		{6656E1EE-7DE8-44DE-B727-95F446F80BEF}.Debug|Any CPU.Build.0 = Debug|Any CPU
		{6656E1EE-7DE8-44DE-B727-95F446F80BEF}.Release|Any CPU.ActiveCfg = Release|Any CPU
		{6656E1EE-7DE8-44DE-B727-95F446F80BEF}.Release|Any CPU.Build.0 = Release|Any CPU
		{FFFDC3D6-CDB1-4BDF-BB49-E84A510C850B}.Debug|Any CPU.ActiveCfg = Debug|Any CPU
		{FFFDC3D6-CDB1-4BDF-BB49-E84A510C850B}.Debug|Any CPU.Build.0 = Debug|Any CPU
		{FFFDC3D6-CDB1-4BDF-BB49-E84A510C850B}.Release|Any CPU.ActiveCfg = Release|Any CPU
		{FFFDC3D6-CDB1-4BDF-BB49-E84A510C850B}.Release|Any CPU.Build.0 = Release|Any CPU
		{36CF04E8-58EB-498B-8BFF-96B2F57C891F}.Debug|Any CPU.ActiveCfg = Debug|Any CPU
		{36CF04E8-58EB-498B-8BFF-96B2F57C891F}.Debug|Any CPU.Build.0 = Debug|Any CPU
		{36CF04E8-58EB-498B-8BFF-96B2F57C891F}.Release|Any CPU.ActiveCfg = Release|Any CPU
		{36CF04E8-58EB-498B-8BFF-96B2F57C891F}.Release|Any CPU.Build.0 = Release|Any CPU
		{D35935A7-DBB2-4510-9543-EE5CC1471BBB}.Debug|Any CPU.ActiveCfg = Debug|Any CPU
		{D35935A7-DBB2-4510-9543-EE5CC1471BBB}.Debug|Any CPU.Build.0 = Debug|Any CPU
		{D35935A7-DBB2-4510-9543-EE5CC1471BBB}.Release|Any CPU.ActiveCfg = Release|Any CPU
		{D35935A7-DBB2-4510-9543-EE5CC1471BBB}.Release|Any CPU.Build.0 = Release|Any CPU
		{078E1F50-23E8-4CFE-8D79-85B9F7308557}.Debug|Any CPU.ActiveCfg = Debug|Any CPU
		{078E1F50-23E8-4CFE-8D79-85B9F7308557}.Debug|Any CPU.Build.0 = Debug|Any CPU
		{078E1F50-23E8-4CFE-8D79-85B9F7308557}.Release|Any CPU.ActiveCfg = Release|Any CPU
		{078E1F50-23E8-4CFE-8D79-85B9F7308557}.Release|Any CPU.Build.0 = Release|Any CPU
	EndGlobalSection
	GlobalSection(SolutionProperties) = preSolution
		HideSolutionNode = FALSE
	EndGlobalSection
	GlobalSection(ExtensibilityGlobals) = postSolution
		SolutionGuid = {510FC4A4-4F3D-4A89-9912-4B10EC2EF0EB}
	EndGlobalSection
EndGlobal
